// !$*UTF8*$!
{
	archiveVersion = 1;
	classes = {
	};
	objectVersion = 46;
	objects = {

/* Begin PBXBuildFile section */
		A69BC4F717F9544200F392F1 /* AnalyticsOfferWall.mm in Sources */ = {isa = PBXBuildFile; fileRef = A69BC4F517F9544200F392F1 /* AnalyticsOfferWall.mm */; };
		A69BC4F817F9544200F392F1 /* OnlineWallViewController.mm in Sources */ = {isa = PBXBuildFile; fileRef = A69BC4F617F9544200F392F1 /* OnlineWallViewController.mm */; };
		A69F05C817F7FB8900B6B90A /* AnalyticsOfferWall.h in Headers */ = {isa = PBXBuildFile; fileRef = A69F05C617F7FB8900B6B90A /* AnalyticsOfferWall.h */; };
		A69F05E417F7FC3300B6B90A /* PluginFactory.h in Headers */ = {isa = PBXBuildFile; fileRef = A69F05DC17F7FC3300B6B90A /* PluginFactory.h */; };
		A69F05E517F7FC3300B6B90A /* PluginManager.h in Headers */ = {isa = PBXBuildFile; fileRef = A69F05DD17F7FC3300B6B90A /* PluginManager.h */; };
		A69F05E617F7FC3300B6B90A /* PluginParam.h in Headers */ = {isa = PBXBuildFile; fileRef = A69F05DE17F7FC3300B6B90A /* PluginParam.h */; };
		A69F05E717F7FC3300B6B90A /* PluginProtocol.h in Headers */ = {isa = PBXBuildFile; fileRef = A69F05DF17F7FC3300B6B90A /* PluginProtocol.h */; };
		A69F05E817F7FC3300B6B90A /* ProtocolAds.h in Headers */ = {isa = PBXBuildFile; fileRef = A69F05E017F7FC3300B6B90A /* ProtocolAds.h */; };
		A69F05E917F7FC3300B6B90A /* ProtocolAnalytics.h in Headers */ = {isa = PBXBuildFile; fileRef = A69F05E117F7FC3300B6B90A /* ProtocolAnalytics.h */; };
		A69F05EA17F7FC3300B6B90A /* ProtocolIAP.h in Headers */ = {isa = PBXBuildFile; fileRef = A69F05E217F7FC3300B6B90A /* ProtocolIAP.h */; };
		A69F05EB17F7FC3300B6B90A /* ProtocolSocial.h in Headers */ = {isa = PBXBuildFile; fileRef = A69F05E317F7FC3300B6B90A /* ProtocolSocial.h */; };
		A69F060817F80C9C00B6B90A /* Foundation.framework in Frameworks */ = {isa = PBXBuildFile; fileRef = A69F060717F80C9C00B6B90A /* Foundation.framework */; };
		A69F060A17F80D1500B6B90A /* UIKit.framework in Frameworks */ = {isa = PBXBuildFile; fileRef = A69F060917F80D1500B6B90A /* UIKit.framework */; };
		A69F060C17F80D2200B6B90A /* AdSupport.framework in Frameworks */ = {isa = PBXBuildFile; fileRef = A69F060B17F80D2200B6B90A /* AdSupport.framework */; };
		A69F060E17F80D2700B6B90A /* StoreKit.framework in Frameworks */ = {isa = PBXBuildFile; fileRef = A69F060D17F80D2700B6B90A /* StoreKit.framework */; };
		A69F061017F80D2D00B6B90A /* QuartzCore.framework in Frameworks */ = {isa = PBXBuildFile; fileRef = A69F060F17F80D2D00B6B90A /* QuartzCore.framework */; };
		A69F061217F80D3400B6B90A /* CoreLocation.framework in Frameworks */ = {isa = PBXBuildFile; fileRef = A69F061117F80D3400B6B90A /* CoreLocation.framework */; };
		A69F061417F80D3A00B6B90A /* SystemConfiguration.framework in Frameworks */ = {isa = PBXBuildFile; fileRef = A69F061317F80D3A00B6B90A /* SystemConfiguration.framework */; };
		A69F061617F80D4000B6B90A /* CoreGraphics.framework in Frameworks */ = {isa = PBXBuildFile; fileRef = A69F061517F80D4000B6B90A /* CoreGraphics.framework */; };
		A69F061B17F80D5700B6B90A /* DMOfferWallViewController.h in Headers */ = {isa = PBXBuildFile; fileRef = A69F061717F80D5700B6B90A /* DMOfferWallViewController.h */; };
		A69F061C17F80D5700B6B90A /* libDomobOfferWallSDK.a in Frameworks */ = {isa = PBXBuildFile; fileRef = A69F061A17F80D5700B6B90A /* libDomobOfferWallSDK.a */; };
		A69F061F17F80DAA00B6B90A /* OnlineWallViewController.h in Headers */ = {isa = PBXBuildFile; fileRef = A69F061D17F80DA900B6B90A /* OnlineWallViewController.h */; };
/* End PBXBuildFile section */

/* Begin PBXFileReference section */
		A69BC4F517F9544200F392F1 /* AnalyticsOfferWall.mm */ = {isa = PBXFileReference; fileEncoding = 4; lastKnownFileType = sourcecode.cpp.objcpp; path = AnalyticsOfferWall.mm; sourceTree = "<group>"; };
		A69BC4F617F9544200F392F1 /* OnlineWallViewController.mm */ = {isa = PBXFileReference; fileEncoding = 4; lastKnownFileType = sourcecode.cpp.objcpp; path = OnlineWallViewController.mm; sourceTree = "<group>"; };
		A69F05BF17F7FB2A00B6B90A /* libPluginDMOfferWall.a */ = {isa = PBXFileReference; explicitFileType = archive.ar; includeInIndex = 0; path = libPluginDMOfferWall.a; sourceTree = BUILT_PRODUCTS_DIR; };
		A69F05C617F7FB8900B6B90A /* AnalyticsOfferWall.h */ = {isa = PBXFileReference; fileEncoding = 4; lastKnownFileType = sourcecode.c.h; path = AnalyticsOfferWall.h; sourceTree = "<group>"; };
		A69F05DC17F7FC3300B6B90A /* PluginFactory.h */ = {isa = PBXFileReference; fileEncoding = 4; lastKnownFileType = sourcecode.c.h; path = PluginFactory.h; sourceTree = "<group>"; };
		A69F05DD17F7FC3300B6B90A /* PluginManager.h */ = {isa = PBXFileReference; fileEncoding = 4; lastKnownFileType = sourcecode.c.h; path = PluginManager.h; sourceTree = "<group>"; };
		A69F05DE17F7FC3300B6B90A /* PluginParam.h */ = {isa = PBXFileReference; fileEncoding = 4; lastKnownFileType = sourcecode.c.h; path = PluginParam.h; sourceTree = "<group>"; };
		A69F05DF17F7FC3300B6B90A /* PluginProtocol.h */ = {isa = PBXFileReference; fileEncoding = 4; lastKnownFileType = sourcecode.c.h; path = PluginProtocol.h; sourceTree = "<group>"; };
		A69F05E017F7FC3300B6B90A /* ProtocolAds.h */ = {isa = PBXFileReference; fileEncoding = 4; lastKnownFileType = sourcecode.c.h; path = ProtocolAds.h; sourceTree = "<group>"; };
		A69F05E117F7FC3300B6B90A /* ProtocolAnalytics.h */ = {isa = PBXFileReference; fileEncoding = 4; lastKnownFileType = sourcecode.c.h; path = ProtocolAnalytics.h; sourceTree = "<group>"; };
		A69F05E217F7FC3300B6B90A /* ProtocolIAP.h */ = {isa = PBXFileReference; fileEncoding = 4; lastKnownFileType = sourcecode.c.h; path = ProtocolIAP.h; sourceTree = "<group>"; };
		A69F05E317F7FC3300B6B90A /* ProtocolSocial.h */ = {isa = PBXFileReference; fileEncoding = 4; lastKnownFileType = sourcecode.c.h; path = ProtocolSocial.h; sourceTree = "<group>"; };
		A69F060717F80C9C00B6B90A /* Foundation.framework */ = {isa = PBXFileReference; lastKnownFileType = wrapper.framework; name = Foundation.framework; path = System/Library/Frameworks/Foundation.framework; sourceTree = SDKROOT; };
		A69F060917F80D1500B6B90A /* UIKit.framework */ = {isa = PBXFileReference; lastKnownFileType = wrapper.framework; name = UIKit.framework; path = Platforms/iPhoneOS.platform/Developer/SDKs/iPhoneOS7.0.sdk/System/Library/Frameworks/UIKit.framework; sourceTree = DEVELOPER_DIR; };
		A69F060B17F80D2200B6B90A /* AdSupport.framework */ = {isa = PBXFileReference; lastKnownFileType = wrapper.framework; name = AdSupport.framework; path = Platforms/iPhoneOS.platform/Developer/SDKs/iPhoneOS7.0.sdk/System/Library/Frameworks/AdSupport.framework; sourceTree = DEVELOPER_DIR; };
		A69F060D17F80D2700B6B90A /* StoreKit.framework */ = {isa = PBXFileReference; lastKnownFileType = wrapper.framework; name = StoreKit.framework; path = Platforms/iPhoneOS.platform/Developer/SDKs/iPhoneOS7.0.sdk/System/Library/Frameworks/StoreKit.framework; sourceTree = DEVELOPER_DIR; };
		A69F060F17F80D2D00B6B90A /* QuartzCore.framework */ = {isa = PBXFileReference; lastKnownFileType = wrapper.framework; name = QuartzCore.framework; path = Platforms/iPhoneOS.platform/Developer/SDKs/iPhoneOS7.0.sdk/System/Library/Frameworks/QuartzCore.framework; sourceTree = DEVELOPER_DIR; };
		A69F061117F80D3400B6B90A /* CoreLocation.framework */ = {isa = PBXFileReference; lastKnownFileType = wrapper.framework; name = CoreLocation.framework; path = Platforms/iPhoneOS.platform/Developer/SDKs/iPhoneOS7.0.sdk/System/Library/Frameworks/CoreLocation.framework; sourceTree = DEVELOPER_DIR; };
		A69F061317F80D3A00B6B90A /* SystemConfiguration.framework */ = {isa = PBXFileReference; lastKnownFileType = wrapper.framework; name = SystemConfiguration.framework; path = Platforms/iPhoneOS.platform/Developer/SDKs/iPhoneOS7.0.sdk/System/Library/Frameworks/SystemConfiguration.framework; sourceTree = DEVELOPER_DIR; };
		A69F061517F80D4000B6B90A /* CoreGraphics.framework */ = {isa = PBXFileReference; lastKnownFileType = wrapper.framework; name = CoreGraphics.framework; path = Platforms/iPhoneOS.platform/Developer/SDKs/iPhoneOS7.0.sdk/System/Library/Frameworks/CoreGraphics.framework; sourceTree = DEVELOPER_DIR; };
		A69F061717F80D5700B6B90A /* DMOfferWallViewController.h */ = {isa = PBXFileReference; fileEncoding = 4; lastKnownFileType = sourcecode.c.h; path = DMOfferWallViewController.h; sourceTree = "<group>"; };
		A69F061917F80D5700B6B90A /* DomobOfferWallBundle.bundle */ = {isa = PBXFileReference; lastKnownFileType = "wrapper.plug-in"; path = DomobOfferWallBundle.bundle; sourceTree = "<group>"; };
		A69F061A17F80D5700B6B90A /* libDomobOfferWallSDK.a */ = {isa = PBXFileReference; lastKnownFileType = archive.ar; path = libDomobOfferWallSDK.a; sourceTree = "<group>"; };
		A69F061D17F80DA900B6B90A /* OnlineWallViewController.h */ = {isa = PBXFileReference; fileEncoding = 4; lastKnownFileType = sourcecode.c.h; path = OnlineWallViewController.h; sourceTree = "<group>"; };
/* End PBXFileReference section */

/* Begin PBXFrameworksBuildPhase section */
		A69F05BC17F7FB2A00B6B90A /* Frameworks */ = {
			isa = PBXFrameworksBuildPhase;
			buildActionMask = 2147483647;
			files = (
				A69F061617F80D4000B6B90A /* CoreGraphics.framework in Frameworks */,
				A69F061417F80D3A00B6B90A /* SystemConfiguration.framework in Frameworks */,
				A69F061217F80D3400B6B90A /* CoreLocation.framework in Frameworks */,
				A69F061017F80D2D00B6B90A /* QuartzCore.framework in Frameworks */,
				A69F060E17F80D2700B6B90A /* StoreKit.framework in Frameworks */,
				A69F060C17F80D2200B6B90A /* AdSupport.framework in Frameworks */,
				A69F061C17F80D5700B6B90A /* libDomobOfferWallSDK.a in Frameworks */,
				A69F060A17F80D1500B6B90A /* UIKit.framework in Frameworks */,
				A69F060817F80C9C00B6B90A /* Foundation.framework in Frameworks */,
			);
			runOnlyForDeploymentPostprocessing = 0;
		};
/* End PBXFrameworksBuildPhase section */

/* Begin PBXGroup section */
		A69F05B617F7FB2A00B6B90A = {
			isa = PBXGroup;
			children = (
				A69BC4F517F9544200F392F1 /* AnalyticsOfferWall.mm */,
				A69BC4F617F9544200F392F1 /* OnlineWallViewController.mm */,
				A69F061717F80D5700B6B90A /* DMOfferWallViewController.h */,
				A69F061817F80D5700B6B90A /* DomobOfferWallBundle */,
				A69F061A17F80D5700B6B90A /* libDomobOfferWallSDK.a */,
				A69F061517F80D4000B6B90A /* CoreGraphics.framework */,
				A69F061317F80D3A00B6B90A /* SystemConfiguration.framework */,
				A69F061117F80D3400B6B90A /* CoreLocation.framework */,
				A69F060F17F80D2D00B6B90A /* QuartzCore.framework */,
				A69F060D17F80D2700B6B90A /* StoreKit.framework */,
				A69F060B17F80D2200B6B90A /* AdSupport.framework */,
				A69F060917F80D1500B6B90A /* UIKit.framework */,
				A69F060717F80C9C00B6B90A /* Foundation.framework */,
				A69F05DB17F7FC3300B6B90A /* include */,
				A69F05C617F7FB8900B6B90A /* AnalyticsOfferWall.h */,
				A69F061D17F80DA900B6B90A /* OnlineWallViewController.h */,
				A69F05C017F7FB2A00B6B90A /* Products */,
			);
			sourceTree = "<group>";
		};
		A69F05C017F7FB2A00B6B90A /* Products */ = {
			isa = PBXGroup;
			children = (
				A69F05BF17F7FB2A00B6B90A /* libPluginDMOfferWall.a */,
			);
			name = Products;
			sourceTree = "<group>";
		};
		A69F05DB17F7FC3300B6B90A /* include */ = {
			isa = PBXGroup;
			children = (
				A69F05DC17F7FC3300B6B90A /* PluginFactory.h */,
				A69F05DD17F7FC3300B6B90A /* PluginManager.h */,
				A69F05DE17F7FC3300B6B90A /* PluginParam.h */,
				A69F05DF17F7FC3300B6B90A /* PluginProtocol.h */,
				A69F05E017F7FC3300B6B90A /* ProtocolAds.h */,
				A69F05E117F7FC3300B6B90A /* ProtocolAnalytics.h */,
				A69F05E217F7FC3300B6B90A /* ProtocolIAP.h */,
				A69F05E317F7FC3300B6B90A /* ProtocolSocial.h */,
			);
			name = include;
			path = ../../../protocols/include;
			sourceTree = "<group>";
		};
		A69F061817F80D5700B6B90A /* DomobOfferWallBundle */ = {
			isa = PBXGroup;
			children = (
				A69F061917F80D5700B6B90A /* DomobOfferWallBundle.bundle */,
			);
			path = DomobOfferWallBundle;
			sourceTree = "<group>";
		};
/* End PBXGroup section */

/* Begin PBXHeadersBuildPhase section */
		A69F05BD17F7FB2A00B6B90A /* Headers */ = {
			isa = PBXHeadersBuildPhase;
			buildActionMask = 2147483647;
			files = (
				A69F05E917F7FC3300B6B90A /* ProtocolAnalytics.h in Headers */,
				A69F05E417F7FC3300B6B90A /* PluginFactory.h in Headers */,
				A69F05E517F7FC3300B6B90A /* PluginManager.h in Headers */,
				A69F05E717F7FC3300B6B90A /* PluginProtocol.h in Headers */,
				A69F05EB17F7FC3300B6B90A /* ProtocolSocial.h in Headers */,
				A69F05E817F7FC3300B6B90A /* ProtocolAds.h in Headers */,
				A69F05C817F7FB8900B6B90A /* AnalyticsOfferWall.h in Headers */,
				A69F05E617F7FC3300B6B90A /* PluginParam.h in Headers */,
				A69F061F17F80DAA00B6B90A /* OnlineWallViewController.h in Headers */,
				A69F05EA17F7FC3300B6B90A /* ProtocolIAP.h in Headers */,
				A69F061B17F80D5700B6B90A /* DMOfferWallViewController.h in Headers */,
			);
			runOnlyForDeploymentPostprocessing = 0;
		};
/* End PBXHeadersBuildPhase section */

/* Begin PBXNativeTarget section */
		A69F05BE17F7FB2A00B6B90A /* PluginDMOfferWall */ = {
			isa = PBXNativeTarget;
			buildConfigurationList = A69F05C317F7FB2A00B6B90A /* Build configuration list for PBXNativeTarget "PluginDMOfferWall" */;
			buildPhases = (
				A69F05BB17F7FB2A00B6B90A /* Sources */,
				A69F05BC17F7FB2A00B6B90A /* Frameworks */,
				A69F05BD17F7FB2A00B6B90A /* Headers */,
			);
			buildRules = (
			);
			dependencies = (
			);
			name = PluginDMOfferWall;
			productName = PluginDMOfferWall;
			productReference = A69F05BF17F7FB2A00B6B90A /* libPluginDMOfferWall.a */;
			productType = "com.apple.product-type.library.static";
		};
/* End PBXNativeTarget section */

/* Begin PBXProject section */
		A69F05B717F7FB2A00B6B90A /* Project object */ = {
			isa = PBXProject;
			attributes = {
				LastUpgradeCheck = 0500;
				ORGANIZATIONNAME = 1528;
			};
			buildConfigurationList = A69F05BA17F7FB2A00B6B90A /* Build configuration list for PBXProject "PluginDMOfferWall" */;
			compatibilityVersion = "Xcode 3.2";
			developmentRegion = English;
			hasScannedForEncodings = 0;
			knownRegions = (
				en,
			);
			mainGroup = A69F05B617F7FB2A00B6B90A;
			productRefGroup = A69F05C017F7FB2A00B6B90A /* Products */;
			projectDirPath = "";
			projectRoot = "";
			targets = (
				A69F05BE17F7FB2A00B6B90A /* PluginDMOfferWall */,
			);
		};
/* End PBXProject section */

/* Begin PBXSourcesBuildPhase section */
		A69F05BB17F7FB2A00B6B90A /* Sources */ = {
			isa = PBXSourcesBuildPhase;
			buildActionMask = 2147483647;
			files = (
				A69BC4F717F9544200F392F1 /* AnalyticsOfferWall.mm in Sources */,
				A69BC4F817F9544200F392F1 /* OnlineWallViewController.mm in Sources */,
			);
			runOnlyForDeploymentPostprocessing = 0;
		};
/* End PBXSourcesBuildPhase section */

/* Begin XCBuildConfiguration section */
		A69F05C117F7FB2A00B6B90A /* Debug */ = {
			isa = XCBuildConfiguration;
			buildSettings = {
				ALWAYS_SEARCH_USER_PATHS = NO;
				CLANG_CXX_LANGUAGE_STANDARD = "gnu++0x";
				CLANG_CXX_LIBRARY = "libc++";
				CLANG_ENABLE_OBJC_ARC = YES;
				CLANG_WARN_BOOL_CONVERSION = YES;
				CLANG_WARN_CONSTANT_CONVERSION = YES;
				CLANG_WARN_DIRECT_OBJC_ISA_USAGE = YES_ERROR;
				CLANG_WARN_EMPTY_BODY = YES;
				CLANG_WARN_ENUM_CONVERSION = YES;
				CLANG_WARN_INT_CONVERSION = YES;
				CLANG_WARN_OBJC_ROOT_CLASS = YES_ERROR;
				CLANG_WARN__DUPLICATE_METHOD_MATCH = YES;
				COPY_PHASE_STRIP = NO;
				GCC_C_LANGUAGE_STANDARD = gnu99;
				GCC_DYNAMIC_NO_PIC = NO;
				GCC_ENABLE_OBJC_EXCEPTIONS = YES;
				GCC_OPTIMIZATION_LEVEL = 0;
				GCC_PREPROCESSOR_DEFINITIONS = (
					"DEBUG=1",
					"$(inherited)",
				);
				GCC_SYMBOLS_PRIVATE_EXTERN = NO;
				GCC_WARN_64_TO_32_BIT_CONVERSION = YES;
				GCC_WARN_ABOUT_RETURN_TYPE = YES_ERROR;
				GCC_WARN_UNDECLARED_SELECTOR = YES;
				GCC_WARN_UNINITIALIZED_AUTOS = YES;
				GCC_WARN_UNUSED_FUNCTION = YES;
				GCC_WARN_UNUSED_VARIABLE = YES;
				HEADER_SEARCH_PATHS = (
					"$(inherited)",
					/Applications/Xcode.app/Contents/Developer/Toolchains/XcodeDefault.xctoolchain/usr/include,
					"/Users/1528/Documents/1528GithubWorkSpace/1528Workspace/SourceCode/Client/AndroidWorkSpace/cocos2d-x-2.1.4/plugin/protocols/platform/ios",
				);
				MACOSX_DEPLOYMENT_TARGET = 10.8;
				ONLY_ACTIVE_ARCH = YES;
				SDKROOT = macosx;
			};
			name = Debug;
		};
		A69F05C217F7FB2A00B6B90A /* Release */ = {
			isa = XCBuildConfiguration;
			buildSettings = {
				ALWAYS_SEARCH_USER_PATHS = NO;
				CLANG_CXX_LANGUAGE_STANDARD = "gnu++0x";
				CLANG_CXX_LIBRARY = "libc++";
				CLANG_ENABLE_OBJC_ARC = YES;
				CLANG_WARN_BOOL_CONVERSION = YES;
				CLANG_WARN_CONSTANT_CONVERSION = YES;
				CLANG_WARN_DIRECT_OBJC_ISA_USAGE = YES_ERROR;
				CLANG_WARN_EMPTY_BODY = YES;
				CLANG_WARN_ENUM_CONVERSION = YES;
				CLANG_WARN_INT_CONVERSION = YES;
				CLANG_WARN_OBJC_ROOT_CLASS = YES_ERROR;
				CLANG_WARN__DUPLICATE_METHOD_MATCH = YES;
				COPY_PHASE_STRIP = YES;
				DEBUG_INFORMATION_FORMAT = "dwarf-with-dsym";
				ENABLE_NS_ASSERTIONS = NO;
				GCC_C_LANGUAGE_STANDARD = gnu99;
				GCC_ENABLE_OBJC_EXCEPTIONS = YES;
				GCC_WARN_64_TO_32_BIT_CONVERSION = YES;
				GCC_WARN_ABOUT_RETURN_TYPE = YES_ERROR;
				GCC_WARN_UNDECLARED_SELECTOR = YES;
				GCC_WARN_UNINITIALIZED_AUTOS = YES;
				GCC_WARN_UNUSED_FUNCTION = YES;
				GCC_WARN_UNUSED_VARIABLE = YES;
				HEADER_SEARCH_PATHS = (
					"$(inherited)",
					/Applications/Xcode.app/Contents/Developer/Toolchains/XcodeDefault.xctoolchain/usr/include,
					"/Users/1528/Documents/1528GithubWorkSpace/1528Workspace/SourceCode/Client/AndroidWorkSpace/cocos2d-x-2.1.4/plugin/protocols/platform/ios",
				);
				MACOSX_DEPLOYMENT_TARGET = 10.8;
				SDKROOT = macosx;
			};
			name = Release;
		};
		A69F05C417F7FB2A00B6B90A /* Debug */ = {
			isa = XCBuildConfiguration;
			buildSettings = {
				EXECUTABLE_PREFIX = lib;
				LIBRARY_SEARCH_PATHS = (
					"$(inherited)",
					"/Users/1528/Documents/1528GithubWorkSpace/1528Workspace/SourceCode/Client/AndroidWorkSpace/cocos2d-x-2.1.4/plugin/plugins/DMOfferWallSDK/proj.ios",
				);
				PRODUCT_NAME = "$(TARGET_NAME)";
				SDKROOT = iphoneos7.0;
			};
			name = Debug;
		};
		A69F05C517F7FB2A00B6B90A /* Release */ = {
			isa = XCBuildConfiguration;
			buildSettings = {
				EXECUTABLE_PREFIX = lib;
				LIBRARY_SEARCH_PATHS = (
					"$(inherited)",
					"/Users/1528/Documents/1528GithubWorkSpace/1528Workspace/SourceCode/Client/AndroidWorkSpace/cocos2d-x-2.1.4/plugin/plugins/DMOfferWallSDK/proj.ios",
				);
				PRODUCT_NAME = "$(TARGET_NAME)";
				SDKROOT = iphoneos7.0;
			};
			name = Release;
		};
/* End XCBuildConfiguration section */

/* Begin XCConfigurationList section */
		A69F05BA17F7FB2A00B6B90A /* Build configuration list for PBXProject "PluginDMOfferWall" */ = {
			isa = XCConfigurationList;
			buildConfigurations = (
				A69F05C117F7FB2A00B6B90A /* Debug */,
				A69F05C217F7FB2A00B6B90A /* Release */,
			);
			defaultConfigurationIsVisible = 0;
			defaultConfigurationName = Release;
		};
		A69F05C317F7FB2A00B6B90A /* Build configuration list for PBXNativeTarget "PluginDMOfferWall" */ = {
			isa = XCConfigurationList;
			buildConfigurations = (
				A69F05C417F7FB2A00B6B90A /* Debug */,
				A69F05C517F7FB2A00B6B90A /* Release */,
			);
			defaultConfigurationIsVisible = 0;
			defaultConfigurationName = Release;
		};
/* End XCConfigurationList section */
	};
	rootObject = A69F05B717F7FB2A00B6B90A /* Project object */;
}
