Microsoft Visual Studio Solution File, Format Version 11.00
# Visual Studio 2008

Project("{2FB3472D-5709-AB68-AE03-33951BBFEA1A}") = "1528works", "Assembly-CSharp-firstpass.csproj", "{22DE35F1-57DC-D3F8-5ECD-8DA3305D1AA6}"
EndProject
Project("{2FB3472D-5709-AB68-AE03-33951BBFEA1A}") = "1528works", "Assembly-CSharp.csproj", "{66C45C94-2C0E-CD48-2787-990DAC7D5B1B}"
EndProject
Project("{2FB3472D-5709-AB68-AE03-33951BBFEA1A}") = "1528works", "Assembly-CSharp-Editor.csproj", "{905A2634-0527-FCC2-9B4D-13BD124A2494}"
EndProject
Project("{2FB3472D-5709-AB68-AE03-33951BBFEA1A}") = "1528works", "Assembly-UnityScript-firstpass.unityproj", "{01829D2D-0C78-03B1-25B6-0F30DF8747B4}"
EndProject
Project("{2FB3472D-5709-AB68-AE03-33951BBFEA1A}") = "1528works", "Assembly-UnityScript.unityproj", "{211B37AB-EC65-0AB8-D00B-7F6A60A73607}"
EndProject
Global
	GlobalSection(SolutionConfigurationPlatforms) = preSolution
		Debug|Any CPU = Debug|Any CPU
		Release|Any CPU = Release|Any CPU
	EndGlobalSection
	GlobalSection(ProjectConfigurationPlatforms) = postSolution
		{22DE35F1-57DC-D3F8-5ECD-8DA3305D1AA6}.Debug|Any CPU.ActiveCfg = Debug|Any CPU
		{22DE35F1-57DC-D3F8-5ECD-8DA3305D1AA6}.Debug|Any CPU.Build.0 = Debug|Any CPU
		{22DE35F1-57DC-D3F8-5ECD-8DA3305D1AA6}.Release|Any CPU.ActiveCfg = Release|Any CPU
		{22DE35F1-57DC-D3F8-5ECD-8DA3305D1AA6}.Release|Any CPU.Build.0 = Release|Any CPU
		{66C45C94-2C0E-CD48-2787-990DAC7D5B1B}.Debug|Any CPU.ActiveCfg = Debug|Any CPU
		{66C45C94-2C0E-CD48-2787-990DAC7D5B1B}.Debug|Any CPU.Build.0 = Debug|Any CPU
		{66C45C94-2C0E-CD48-2787-990DAC7D5B1B}.Release|Any CPU.ActiveCfg = Release|Any CPU
		{66C45C94-2C0E-CD48-2787-990DAC7D5B1B}.Release|Any CPU.Build.0 = Release|Any CPU
		{905A2634-0527-FCC2-9B4D-13BD124A2494}.Debug|Any CPU.ActiveCfg = Debug|Any CPU
		{905A2634-0527-FCC2-9B4D-13BD124A2494}.Debug|Any CPU.Build.0 = Debug|Any CPU
		{905A2634-0527-FCC2-9B4D-13BD124A2494}.Release|Any CPU.ActiveCfg = Release|Any CPU
		{905A2634-0527-FCC2-9B4D-13BD124A2494}.Release|Any CPU.Build.0 = Release|Any CPU
		{01829D2D-0C78-03B1-25B6-0F30DF8747B4}.Debug|Any CPU.ActiveCfg = Debug|Any CPU
		{01829D2D-0C78-03B1-25B6-0F30DF8747B4}.Debug|Any CPU.Build.0 = Debug|Any CPU
		{01829D2D-0C78-03B1-25B6-0F30DF8747B4}.Release|Any CPU.ActiveCfg = Release|Any CPU
		{01829D2D-0C78-03B1-25B6-0F30DF8747B4}.Release|Any CPU.Build.0 = Release|Any CPU
		{211B37AB-EC65-0AB8-D00B-7F6A60A73607}.Debug|Any CPU.ActiveCfg = Debug|Any CPU
		{211B37AB-EC65-0AB8-D00B-7F6A60A73607}.Debug|Any CPU.Build.0 = Debug|Any CPU
		{211B37AB-EC65-0AB8-D00B-7F6A60A73607}.Release|Any CPU.ActiveCfg = Release|Any CPU
		{211B37AB-EC65-0AB8-D00B-7F6A60A73607}.Release|Any CPU.Build.0 = Release|Any CPU
	EndGlobalSection
	GlobalSection(SolutionProperties) = preSolution
		HideSolutionNode = FALSE
	EndGlobalSection
																						GlobalSection(MonoDevelopProperties) = preSolution
		StartupItem = Assembly-CSharp.csproj
		Policies = $0
		$0.TextStylePolicy = $1
		$1.inheritsSet = null
		$1.scope = text/x-csharp
		$0.CSharpFormattingPolicy = $2
		$2.inheritsSet = Mono
		$2.inheritsScope = text/x-csharp
		$2.scope = text/x-csharp
		$0.TextStylePolicy = $3
		$3.FileWidth = 120
		$3.TabWidth = 4
		$3.EolMarker = Unix
		$3.inheritsSet = Mono
		$3.inheritsScope = text/plain
		$3.scope = text/plain
	EndGlobalSection

EndGlobal
