Microsoft Visual Studio Solution File, Format Version 11.00
# Visual Studio 2008

Project("{8B0EA977-46A2-ECCC-7C7A-298DCD5401BA}") = "1528UnityWorks", "Assembly-CSharp-firstpass.csproj", "{4FD36C76-136F-5996-96B3-3E66EA33D018}"
EndProject
Project("{8B0EA977-46A2-ECCC-7C7A-298DCD5401BA}") = "1528UnityWorks", "Assembly-CSharp.csproj", "{A4ADDAE1-97F5-0A50-3467-49A4E8D1BF54}"
EndProject
Project("{8B0EA977-46A2-ECCC-7C7A-298DCD5401BA}") = "1528UnityWorks", "Assembly-CSharp-Editor.csproj", "{4BAC6CBC-5DF9-E35B-7277-D24ED6D18309}"
EndProject
Project("{8B0EA977-46A2-ECCC-7C7A-298DCD5401BA}") = "1528UnityWorks", "Assembly-UnityScript-firstpass.unityproj", "{EAF77E9F-3E29-4469-90C5-E0209C52F64E}"
EndProject
Project("{8B0EA977-46A2-ECCC-7C7A-298DCD5401BA}") = "1528UnityWorks", "Assembly-UnityScript.unityproj", "{A226F8E0-DC08-71C4-BBAD-D85008780026}"
EndProject
Project("{8B0EA977-46A2-ECCC-7C7A-298DCD5401BA}") = "1528UnityWorks", "Assembly-UnityScript-Editor.unityproj", "{73F0DEDE-F053-2C4D-0ADA-8FA45D341BC9}"
EndProject
Global
	GlobalSection(SolutionConfigurationPlatforms) = preSolution
		Debug|Any CPU = Debug|Any CPU
		Release|Any CPU = Release|Any CPU
	EndGlobalSection
	GlobalSection(ProjectConfigurationPlatforms) = postSolution
		{4FD36C76-136F-5996-96B3-3E66EA33D018}.Debug|Any CPU.ActiveCfg = Debug|Any CPU
		{4FD36C76-136F-5996-96B3-3E66EA33D018}.Debug|Any CPU.Build.0 = Debug|Any CPU
		{4FD36C76-136F-5996-96B3-3E66EA33D018}.Release|Any CPU.ActiveCfg = Release|Any CPU
		{4FD36C76-136F-5996-96B3-3E66EA33D018}.Release|Any CPU.Build.0 = Release|Any CPU
		{A4ADDAE1-97F5-0A50-3467-49A4E8D1BF54}.Debug|Any CPU.ActiveCfg = Debug|Any CPU
		{A4ADDAE1-97F5-0A50-3467-49A4E8D1BF54}.Debug|Any CPU.Build.0 = Debug|Any CPU
		{A4ADDAE1-97F5-0A50-3467-49A4E8D1BF54}.Release|Any CPU.ActiveCfg = Release|Any CPU
		{A4ADDAE1-97F5-0A50-3467-49A4E8D1BF54}.Release|Any CPU.Build.0 = Release|Any CPU
		{4BAC6CBC-5DF9-E35B-7277-D24ED6D18309}.Debug|Any CPU.ActiveCfg = Debug|Any CPU
		{4BAC6CBC-5DF9-E35B-7277-D24ED6D18309}.Debug|Any CPU.Build.0 = Debug|Any CPU
		{4BAC6CBC-5DF9-E35B-7277-D24ED6D18309}.Release|Any CPU.ActiveCfg = Release|Any CPU
		{4BAC6CBC-5DF9-E35B-7277-D24ED6D18309}.Release|Any CPU.Build.0 = Release|Any CPU
		{EAF77E9F-3E29-4469-90C5-E0209C52F64E}.Debug|Any CPU.ActiveCfg = Debug|Any CPU
		{EAF77E9F-3E29-4469-90C5-E0209C52F64E}.Debug|Any CPU.Build.0 = Debug|Any CPU
		{EAF77E9F-3E29-4469-90C5-E0209C52F64E}.Release|Any CPU.ActiveCfg = Release|Any CPU
		{EAF77E9F-3E29-4469-90C5-E0209C52F64E}.Release|Any CPU.Build.0 = Release|Any CPU
		{A226F8E0-DC08-71C4-BBAD-D85008780026}.Debug|Any CPU.ActiveCfg = Debug|Any CPU
		{A226F8E0-DC08-71C4-BBAD-D85008780026}.Debug|Any CPU.Build.0 = Debug|Any CPU
		{A226F8E0-DC08-71C4-BBAD-D85008780026}.Release|Any CPU.ActiveCfg = Release|Any CPU
		{A226F8E0-DC08-71C4-BBAD-D85008780026}.Release|Any CPU.Build.0 = Release|Any CPU
		{73F0DEDE-F053-2C4D-0ADA-8FA45D341BC9}.Debug|Any CPU.ActiveCfg = Debug|Any CPU
		{73F0DEDE-F053-2C4D-0ADA-8FA45D341BC9}.Debug|Any CPU.Build.0 = Debug|Any CPU
		{73F0DEDE-F053-2C4D-0ADA-8FA45D341BC9}.Release|Any CPU.ActiveCfg = Release|Any CPU
		{73F0DEDE-F053-2C4D-0ADA-8FA45D341BC9}.Release|Any CPU.Build.0 = Release|Any CPU
	EndGlobalSection
	GlobalSection(SolutionProperties) = preSolution
		HideSolutionNode = FALSE
	EndGlobalSection
									GlobalSection(MonoDevelopProperties) = preSolution
		StartupItem = Assembly-CSharp.csproj
		Policies = $0
		$0.TextStylePolicy = $1
		$1.inheritsSet = null
		$1.scope = text/x-csharp
		$0.CSharpFormattingPolicy = $2
		$2.inheritsSet = Mono
		$2.inheritsScope = text/x-csharp
		$2.scope = text/x-csharp
		$0.TextStylePolicy = $3
		$3.FileWidth = 120
		$3.TabWidth = 4
		$3.EolMarker = Unix
		$3.inheritsSet = Mono
		$3.inheritsScope = text/plain
		$3.scope = text/plain
	EndGlobalSection

EndGlobal
